
Microsoft Visual Studio Solution File, Format Version 12.00
# Visual Studio Version 17
VisualStudioVersion = 17.5.002.0
MinimumVisualStudioVersion = 10.0.40219.1
Project("{9A19103F-16F7-4668-BE54-9A1E7A4F7556}") = "lesson32", "lesson32.csproj", "{44ACE030-B10B-4AD5-84F9-20A543FCD047}"
EndProject
Global
	GlobalSection(SolutionConfigurationPlatforms) = preSolution
		Debug|Any CPU = Debug|Any CPU
		Release|Any CPU = Release|Any CPU
	EndGlobalSection
	GlobalSection(ProjectConfigurationPlatforms) = postSolution
		{44ACE030-B10B-4AD5-84F9-20A543FCD047}.Debug|Any CPU.ActiveCfg = Debug|Any CPU
		{44ACE030-B10B-4AD5-84F9-20A543FCD047}.Debug|Any CPU.Build.0 = Debug|Any CPU
		{44ACE030-B10B-4AD5-84F9-20A543FCD047}.Release|Any CPU.ActiveCfg = Release|Any CPU
		{44ACE030-B10B-4AD5-84F9-20A543FCD047}.Release|Any CPU.Build.0 = Release|Any CPU
	EndGlobalSection
	GlobalSection(SolutionProperties) = preSolution
		HideSolutionNode = FALSE
	EndGlobalSection
	GlobalSection(ExtensibilityGlobals) = postSolution
		SolutionGuid = {3ABCF0C3-6F2B-45C2-87C8-04BDEBA4A5D5}
	EndGlobalSection
EndGlobal
