
Microsoft Visual Studio Solution File, Format Version 12.00
# Visual Studio Version 17
VisualStudioVersion = 17.5.002.0
MinimumVisualStudioVersion = 10.0.40219.1
Project("{9A19103F-16F7-4668-BE54-9A1E7A4F7556}") = "lesson31", "lesson31.csproj", "{531A0171-189B-4FB8-AA35-B001E04B06A9}"
EndProject
Global
	GlobalSection(SolutionConfigurationPlatforms) = preSolution
		Debug|Any CPU = Debug|Any CPU
		Release|Any CPU = Release|Any CPU
	EndGlobalSection
	GlobalSection(ProjectConfigurationPlatforms) = postSolution
		{531A0171-189B-4FB8-AA35-B001E04B06A9}.Debug|Any CPU.ActiveCfg = Debug|Any CPU
		{531A0171-189B-4FB8-AA35-B001E04B06A9}.Debug|Any CPU.Build.0 = Debug|Any CPU
		{531A0171-189B-4FB8-AA35-B001E04B06A9}.Release|Any CPU.ActiveCfg = Release|Any CPU
		{531A0171-189B-4FB8-AA35-B001E04B06A9}.Release|Any CPU.Build.0 = Release|Any CPU
	EndGlobalSection
	GlobalSection(SolutionProperties) = preSolution
		HideSolutionNode = FALSE
	EndGlobalSection
	GlobalSection(ExtensibilityGlobals) = postSolution
		SolutionGuid = {5785189B-35D3-47DB-9F1B-0B333D08DD1C}
	EndGlobalSection
EndGlobal
